<Solution>
  <Folder Name="/src/">
    <Project Path="src/SmartScript.Core/SmartScript.Core.csproj" />
    <Project Path="src/SmartScript.Executor/SmartScript.Executor.csproj" />
    <Project Path="src/SmartScript.Scripts.EmailCleaner/SmartScript.Scripts.EmailCleaner.csproj" />
    <Project Path="src/SmartScript.WebUI/SmartScript.WebUI.csproj" />
  </Folder>
  <Folder Name="/tests/">
    <Project Path="tests/SmartScript.Tests/SmartScript.Tests.csproj" />
  </Folder>
</Solution>
